github.com/hugomods/encrypt v0.4.0 h1:oDZ63Z0qvQRzMLQvGETXGZOaWvWbHR1GzC3CDsQ0gPQ=
github.com/hugomods/encrypt v0.4.0/go.mod h1:negeZEtF4MhMBwHY0BvCueVwJbgxXzamDXaIWcLHyZM=
github.com/hugomods/icons v0.6.6 h1:gGlafcBDRP7sSID+tgLcWdog+s/QBj8DIfU+h9tZj1U=
github.com/hugomods/icons v0.6.6/go.mod h1:cIkSvK6W0q6N4U6n9KGz+QfRWQXAW0INd+1P31gPNGg=
github.com/imfing/hextra v0.10.1 h1:W2vI4Hot7z9lRcTmRFRQ1rzpnybp2tTuY6yHsRDUXq4=
github.com/imfing/hextra v0.10.1/go.mod h1:cEfel3lU/bSx7lTE/+uuR4GJaphyOyiwNR3PTqFTXpI=
github.com/imfing/hextra v0.10.2 h1:etVtBSHH3V4xYZ2uqlh7HWZitdaZLWG+sCoGtFqyAEk=
github.com/imfing/hextra v0.10.2/go.mod h1:cEfel3lU/bSx7lTE/+uuR4GJaphyOyiwNR3PTqFTXpI=
github.com/imfing/hextra v0.10.3-0.20250826194651-bbffff1f52ae h1:l5A2q+o7PzW2QB5x0GIJSMHkxH+XMZTLmcPeS+2/W/M=
github.com/imfing/hextra v0.10.3-0.20250826194651-bbffff1f52ae/go.mod h1:cEfel3lU/bSx7lTE/+uuR4GJaphyOyiwNR3PTqFTXpI=
github.com/imfing/hextra v0.11.1-0.20250830130531-5846274db787 h1:/4zZv3BCGwmgSyAZhkFhFoIdQ1YYlLwziJUYsxyBzDM=
github.com/imfing/hextra v0.11.1-0.20250830130531-5846274db787/go.mod h1:cEfel3lU/bSx7lTE/+uuR4GJaphyOyiwNR3PTqFTXpI=
github.com/imfing/hextra v0.11.1-0.20250831114752-493cfba52338 h1:vpaNStWfJbyuAzMffwHg0XT76ZcqSgM3O46pYtLaWOo=
github.com/imfing/hextra v0.11.1-0.20250831114752-493cfba52338/go.mod h1:cEfel3lU/bSx7lTE/+uuR4GJaphyOyiwNR3PTqFTXpI=
github.com/imfing/hextra v0.11.2-0.20250906130329-1b536e27a512 h1:nHh1uvODahsAQIo3lopyTF9Ug8+XN9Fxjy1hCr3p1BU=
github.com/imfing/hextra v0.11.2-0.20250906130329-1b536e27a512/go.mod h1:cEfel3lU/bSx7lTE/+uuR4GJaphyOyiwNR3PTqFTXpI=
github.com/imfing/hextra v0.11.2-0.20250911192918-1c06ae5580ef h1:4bAtmWRhZx07L1TTiMccJHUkofQZ018bKpeMxXLkLcg=
github.com/imfing/hextra v0.11.2-0.20250911192918-1c06ae5580ef/go.mod h1:cEfel3lU/bSx7lTE/+uuR4GJaphyOyiwNR3PTqFTXpI=
github.com/imfing/hextra v0.11.2-0.20250915205905-708358de8053 h1:6H4wb2ei1chfo7o74FW6W4ZTtZVg3ggedAcG6FI0/i4=
github.com/imfing/hextra v0.11.2-0.20250915205905-708358de8053/go.mod h1:cEfel3lU/bSx7lTE/+uuR4GJaphyOyiwNR3PTqFTXpI=
github.com/imfing/hextra v0.11.2-0.20251013215019-3551a56b8cde h1:oxbjn2wNatCsBkfjSqe6UOvCDeQwC1cx6LjA+slcMWM=
github.com/imfing/hextra v0.11.2-0.20251013215019-3551a56b8cde/go.mod h1:cEfel3lU/bSx7lTE/+uuR4GJaphyOyiwNR3PTqFTXpI=
github.com/imfing/hextra v0.11.2-0.20251128010409-9466af337f3a h1:pOX41QQWE0iE+bwowl4p4Y5QnAsiBctcOU7vbyWUq6Y=
github.com/imfing/hextra v0.11.2-0.20251128010409-9466af337f3a/go.mod h1:cEfel3lU/bSx7lTE/+uuR4GJaphyOyiwNR3PTqFTXpI=
github.com/imfing/hextra v0.11.2-0.20260124124249-7e56f0578adb h1:0GW+bhjf4lYJi0dnr/4FTWPsrezMZq4upV27mUB6Z7k=
github.com/imfing/hextra v0.11.2-0.20260124124249-7e56f0578adb/go.mod h1:cEfel3lU/bSx7lTE/+uuR4GJaphyOyiwNR3PTqFTXpI=
github.com/imfing/hextra v0.11.2-0.20260202204306-6d613d28a364 h1:t7UNC7n9T8gpO0zfaqlthxNC3VT5tG0Wnl48vV2IVCM=
github.com/imfing/hextra v0.11.2-0.20260202204306-6d613d28a364/go.mod h1:cEfel3lU/bSx7lTE/+uuR4GJaphyOyiwNR3PTqFTXpI=
github.com/imfing/hextra v0.12.0 h1:f6y35hW/WDJEcx9S0dOmbICOBxYE0PmP6IJFsTUgVyY=
github.com/imfing/hextra v0.12.0/go.mod h1:YAv8XRNSmcqjieFwI7fVQK1AoY2Do+45DO9HGqxSGu4=
github.com/imfing/hextra v0.12.1 h1:3t1n0bmJbDzSTVfht93UDcfF1BXMRjeFojA071ri2l8=
github.com/imfing/hextra v0.12.1/go.mod h1:vi+yhpq8YPp/aghvJlNKVnJKcPJ/VyAEcfC1BSV9ARo=
github.com/twbs/icons v1.13.1 h1:6bmNXvoeIbvjFWjfbjXg5JGbelLD1haIsMaEIzE9UZI=
github.com/twbs/icons v1.13.1/go.mod h1:GnRlymgVWp5iVJCMa0Me5b6tFyGpVc2bSxPMRGIJmyA=
